
Microsoft Visual Studio Solution File, Format Version 12.00
# Visual Studio Version 16
VisualStudioVersion = 16.0.30320.27
MinimumVisualStudioVersion = 10.0.40219.1
Project("{FAE04EC0-301F-11D3-BF4B-00C04F79EFBC}") = "asp.netcore", "asp.netcore\asp.netcore.csproj", "{0084CF29-AC94-4479-9BC4-17DC6632D026}"
EndProject
Global
	GlobalSection(SolutionConfigurationPlatforms) = preSolution
		Debug|Any CPU = Debug|Any CPU
		Release|Any CPU = Release|Any CPU
	EndGlobalSection
	GlobalSection(ProjectConfigurationPlatforms) = postSolution
		{0084CF29-AC94-4479-9BC4-17DC6632D026}.Debug|Any CPU.ActiveCfg = Debug|Any CPU
		{0084CF29-AC94-4479-9BC4-17DC6632D026}.Debug|Any CPU.Build.0 = Debug|Any CPU
		{0084CF29-AC94-4479-9BC4-17DC6632D026}.Release|Any CPU.ActiveCfg = Release|Any CPU
		{0084CF29-AC94-4479-9BC4-17DC6632D026}.Release|Any CPU.Build.0 = Release|Any CPU
	EndGlobalSection
	GlobalSection(SolutionProperties) = preSolution
		HideSolutionNode = FALSE
	EndGlobalSection
	GlobalSection(ExtensibilityGlobals) = postSolution
		SolutionGuid = {C6B98FAD-068B-4BCD-A990-6A3B1A25FE56}
	EndGlobalSection
EndGlobal
